
Microsoft Visual Studio Solution File, Format Version 12.00
# Visual Studio Version 16
VisualStudioVersion = 16.0.30907.101
MinimumVisualStudioVersion = 10.0.40219.1
Project("{9A19103F-16F7-4668-BE54-9A1E7A4F7556}") = "KampIntro", "KampIntro\KampIntro.csproj", "{CFE64217-F428-4F34-8697-E37A016B3A17}"
EndProject
Project("{9A19103F-16F7-4668-BE54-9A1E7A4F7556}") = "OOP2", "OOP2\OOP2.csproj", "{FA5B52CE-0650-4F3A-9A70-2629BC24B7A1}"
EndProject
Project("{9A19103F-16F7-4668-BE54-9A1E7A4F7556}") = "OOP1", "OOP1\OOP1.csproj", "{6E417566-9E65-4EE5-987D-EBBC759B8A54}"
EndProject
Project("{9A19103F-16F7-4668-BE54-9A1E7A4F7556}") = "OOP3", "OOP3\OOP3.csproj", "{24CAE36C-993F-411F-8562-75036F2AD591}"
EndProject
Project("{9A19103F-16F7-4668-BE54-9A1E7A4F7556}") = "ClassIntro", "ClassIntro\ClassIntro.csproj", "{90C941AF-5F5B-46ED-9498-F4FC7CF3BBBA}"
EndProject
Project("{9A19103F-16F7-4668-BE54-9A1E7A4F7556}") = "DegerVeReferansTipler", "DegerVeReferansTipler\DegerVeReferansTipler.csproj", "{7C58C517-5787-4BD4-BE0B-6837A4C0866F}"
EndProject
Project("{9A19103F-16F7-4668-BE54-9A1E7A4F7556}") = "Donguler", "Donguler\Donguler.csproj", "{9D2C7311-0BDD-466C-A6C6-9935503E907D}"
EndProject
Project("{9A19103F-16F7-4668-BE54-9A1E7A4F7556}") = "GenericsIntro", "GenericsIntro\GenericsIntro.csproj", "{6F5DED05-C8FA-47D1-AC7B-49C6D0069D03}"
EndProject
Project("{9A19103F-16F7-4668-BE54-9A1E7A4F7556}") = "Collections", "Collections\Collections.csproj", "{BBACF554-AF4E-40E9-9FF8-4A319C09417C}"
EndProject
Project("{9A19103F-16F7-4668-BE54-9A1E7A4F7556}") = "Matematik", "Matematik\Matematik.csproj", "{3F9B3C91-8DAF-48C1-BB90-3C5CDD01AEDF}"
EndProject
Project("{9A19103F-16F7-4668-BE54-9A1E7A4F7556}") = "Metotlar", "Metotlar\Metotlar.csproj", "{0FA489FB-89F8-4734-ADB3-0B1956B612C8}"
EndProject
Project("{FAE04EC0-301F-11D3-BF4B-00C04F79EFBC}") = "OOPReferenceTypes", "OOPReferenceTypes\OOPReferenceTypes.csproj", "{2EA89F5F-CA60-4AF3-82E0-B7A1D7267755}"
EndProject
Project("{FAE04EC0-301F-11D3-BF4B-00C04F79EFBC}") = "Constructors", "Constructors\Constructors.csproj", "{C5EB5F54-659D-41EC-A648-0C9C2AED4EC6}"
EndProject
Global
	GlobalSection(SolutionConfigurationPlatforms) = preSolution
		Debug|Any CPU = Debug|Any CPU
		Release|Any CPU = Release|Any CPU
	EndGlobalSection
	GlobalSection(ProjectConfigurationPlatforms) = postSolution
		{CFE64217-F428-4F34-8697-E37A016B3A17}.Debug|Any CPU.ActiveCfg = Debug|Any CPU
		{CFE64217-F428-4F34-8697-E37A016B3A17}.Debug|Any CPU.Build.0 = Debug|Any CPU
		{CFE64217-F428-4F34-8697-E37A016B3A17}.Release|Any CPU.ActiveCfg = Release|Any CPU
		{CFE64217-F428-4F34-8697-E37A016B3A17}.Release|Any CPU.Build.0 = Release|Any CPU
		{FA5B52CE-0650-4F3A-9A70-2629BC24B7A1}.Debug|Any CPU.ActiveCfg = Debug|Any CPU
		{FA5B52CE-0650-4F3A-9A70-2629BC24B7A1}.Debug|Any CPU.Build.0 = Debug|Any CPU
		{FA5B52CE-0650-4F3A-9A70-2629BC24B7A1}.Release|Any CPU.ActiveCfg = Release|Any CPU
		{FA5B52CE-0650-4F3A-9A70-2629BC24B7A1}.Release|Any CPU.Build.0 = Release|Any CPU
		{6E417566-9E65-4EE5-987D-EBBC759B8A54}.Debug|Any CPU.ActiveCfg = Debug|Any CPU
		{6E417566-9E65-4EE5-987D-EBBC759B8A54}.Debug|Any CPU.Build.0 = Debug|Any CPU
		{6E417566-9E65-4EE5-987D-EBBC759B8A54}.Release|Any CPU.ActiveCfg = Release|Any CPU
		{6E417566-9E65-4EE5-987D-EBBC759B8A54}.Release|Any CPU.Build.0 = Release|Any CPU
		{24CAE36C-993F-411F-8562-75036F2AD591}.Debug|Any CPU.ActiveCfg = Debug|Any CPU
		{24CAE36C-993F-411F-8562-75036F2AD591}.Debug|Any CPU.Build.0 = Debug|Any CPU
		{24CAE36C-993F-411F-8562-75036F2AD591}.Release|Any CPU.ActiveCfg = Release|Any CPU
		{24CAE36C-993F-411F-8562-75036F2AD591}.Release|Any CPU.Build.0 = Release|Any CPU
		{90C941AF-5F5B-46ED-9498-F4FC7CF3BBBA}.Debug|Any CPU.ActiveCfg = Debug|Any CPU
		{90C941AF-5F5B-46ED-9498-F4FC7CF3BBBA}.Debug|Any CPU.Build.0 = Debug|Any CPU
		{90C941AF-5F5B-46ED-9498-F4FC7CF3BBBA}.Release|Any CPU.ActiveCfg = Release|Any CPU
		{90C941AF-5F5B-46ED-9498-F4FC7CF3BBBA}.Release|Any CPU.Build.0 = Release|Any CPU
		{7C58C517-5787-4BD4-BE0B-6837A4C0866F}.Debug|Any CPU.ActiveCfg = Debug|Any CPU
		{7C58C517-5787-4BD4-BE0B-6837A4C0866F}.Debug|Any CPU.Build.0 = Debug|Any CPU
		{7C58C517-5787-4BD4-BE0B-6837A4C0866F}.Release|Any CPU.ActiveCfg = Release|Any CPU
		{7C58C517-5787-4BD4-BE0B-6837A4C0866F}.Release|Any CPU.Build.0 = Release|Any CPU
		{9D2C7311-0BDD-466C-A6C6-9935503E907D}.Debug|Any CPU.ActiveCfg = Debug|Any CPU
		{9D2C7311-0BDD-466C-A6C6-9935503E907D}.Debug|Any CPU.Build.0 = Debug|Any CPU
		{9D2C7311-0BDD-466C-A6C6-9935503E907D}.Release|Any CPU.ActiveCfg = Release|Any CPU
		{9D2C7311-0BDD-466C-A6C6-9935503E907D}.Release|Any CPU.Build.0 = Release|Any CPU
		{6F5DED05-C8FA-47D1-AC7B-49C6D0069D03}.Debug|Any CPU.ActiveCfg = Debug|Any CPU
		{6F5DED05-C8FA-47D1-AC7B-49C6D0069D03}.Debug|Any CPU.Build.0 = Debug|Any CPU
		{6F5DED05-C8FA-47D1-AC7B-49C6D0069D03}.Release|Any CPU.ActiveCfg = Release|Any CPU
		{6F5DED05-C8FA-47D1-AC7B-49C6D0069D03}.Release|Any CPU.Build.0 = Release|Any CPU
		{BBACF554-AF4E-40E9-9FF8-4A319C09417C}.Debug|Any CPU.ActiveCfg = Debug|Any CPU
		{BBACF554-AF4E-40E9-9FF8-4A319C09417C}.Debug|Any CPU.Build.0 = Debug|Any CPU
		{BBACF554-AF4E-40E9-9FF8-4A319C09417C}.Release|Any CPU.ActiveCfg = Release|Any CPU
		{BBACF554-AF4E-40E9-9FF8-4A319C09417C}.Release|Any CPU.Build.0 = Release|Any CPU
		{3F9B3C91-8DAF-48C1-BB90-3C5CDD01AEDF}.Debug|Any CPU.ActiveCfg = Debug|Any CPU
		{3F9B3C91-8DAF-48C1-BB90-3C5CDD01AEDF}.Debug|Any CPU.Build.0 = Debug|Any CPU
		{3F9B3C91-8DAF-48C1-BB90-3C5CDD01AEDF}.Release|Any CPU.ActiveCfg = Release|Any CPU
		{3F9B3C91-8DAF-48C1-BB90-3C5CDD01AEDF}.Release|Any CPU.Build.0 = Release|Any CPU
		{0FA489FB-89F8-4734-ADB3-0B1956B612C8}.Debug|Any CPU.ActiveCfg = Debug|Any CPU
		{0FA489FB-89F8-4734-ADB3-0B1956B612C8}.Debug|Any CPU.Build.0 = Debug|Any CPU
		{0FA489FB-89F8-4734-ADB3-0B1956B612C8}.Release|Any CPU.ActiveCfg = Release|Any CPU
		{0FA489FB-89F8-4734-ADB3-0B1956B612C8}.Release|Any CPU.Build.0 = Release|Any CPU
		{2EA89F5F-CA60-4AF3-82E0-B7A1D7267755}.Debug|Any CPU.ActiveCfg = Debug|Any CPU
		{2EA89F5F-CA60-4AF3-82E0-B7A1D7267755}.Debug|Any CPU.Build.0 = Debug|Any CPU
		{2EA89F5F-CA60-4AF3-82E0-B7A1D7267755}.Release|Any CPU.ActiveCfg = Release|Any CPU
		{2EA89F5F-CA60-4AF3-82E0-B7A1D7267755}.Release|Any CPU.Build.0 = Release|Any CPU
		{C5EB5F54-659D-41EC-A648-0C9C2AED4EC6}.Debug|Any CPU.ActiveCfg = Debug|Any CPU
		{C5EB5F54-659D-41EC-A648-0C9C2AED4EC6}.Debug|Any CPU.Build.0 = Debug|Any CPU
		{C5EB5F54-659D-41EC-A648-0C9C2AED4EC6}.Release|Any CPU.ActiveCfg = Release|Any CPU
		{C5EB5F54-659D-41EC-A648-0C9C2AED4EC6}.Release|Any CPU.Build.0 = Release|Any CPU
	EndGlobalSection
	GlobalSection(SolutionProperties) = preSolution
		HideSolutionNode = FALSE
	EndGlobalSection
	GlobalSection(ExtensibilityGlobals) = postSolution
		SolutionGuid = {82ECAA98-90FC-4DFE-8E3A-75C3C56E6E9C}
	EndGlobalSection
EndGlobal
